// !$*UTF8*$!
{
	archiveVersion = 1;
	classes = {
	};
	objectVersion = 50;
	objects = {

/* Begin PBXBuildFile section */
		D5273CB221C294A80029C4E6 /* MovieTableViewController.swift in Sources */ = {isa = PBXBuildFile; fileRef = D5273CB121C294A80029C4E6 /* MovieTableViewController.swift */; };
		D5273CB421C294B10029C4E6 /* MovieCollectionViewController.swift in Sources */ = {isa = PBXBuildFile; fileRef = D5273CB321C294B10029C4E6 /* MovieCollectionViewController.swift */; };
		D5273CB821C294DC0029C4E6 /* Movie.swift in Sources */ = {isa = PBXBuildFile; fileRef = D5273CB721C294DC0029C4E6 /* Movie.swift */; };
		D5273CBA21C297260029C4E6 /* MovieService.swift in Sources */ = {isa = PBXBuildFile; fileRef = D5273CB921C297260029C4E6 /* MovieService.swift */; };
		D5273CBC21C2973B0029C4E6 /* CommentService.swift in Sources */ = {isa = PBXBuildFile; fileRef = D5273CBB21C2973B0029C4E6 /* CommentService.swift */; };
		D5273CBE21C2974B0029C4E6 /* Comment.swift in Sources */ = {isa = PBXBuildFile; fileRef = D5273CBD21C2974B0029C4E6 /* Comment.swift */; };
		D5273CC021C2978D0029C4E6 /* MovieDetail.swift in Sources */ = {isa = PBXBuildFile; fileRef = D5273CBF21C2978D0029C4E6 /* MovieDetail.swift */; };
		D5273CC221C29FA80029C4E6 /* MovieDetailViewController.swift in Sources */ = {isa = PBXBuildFile; fileRef = D5273CC121C29FA80029C4E6 /* MovieDetailViewController.swift */; };
		D5273CC521C2A55B0029C4E6 /* MovieCollectionViewCell.swift in Sources */ = {isa = PBXBuildFile; fileRef = D5273CC421C2A55B0029C4E6 /* MovieCollectionViewCell.swift */; };
		D5273CC721C2A5640029C4E6 /* MovieTableViewCell.swift in Sources */ = {isa = PBXBuildFile; fileRef = D5273CC621C2A5640029C4E6 /* MovieTableViewCell.swift */; };
		D5273CC921C2B77F0029C4E6 /* Response.swift in Sources */ = {isa = PBXBuildFile; fileRef = D5273CC821C2B77F0029C4E6 /* Response.swift */; };
		D535EB0C21C54E71001F46BC /* StarRating.swift in Sources */ = {isa = PBXBuildFile; fileRef = D535EB0B21C54E71001F46BC /* StarRating.swift */; };
		D535EB0E21C560D9001F46BC /* BinaryInteger+NumberFormatter.swift in Sources */ = {isa = PBXBuildFile; fileRef = D535EB0D21C560D9001F46BC /* BinaryInteger+NumberFormatter.swift */; };
		D535EB1021C5F4B3001F46BC /* CommentTableViewCell.swift in Sources */ = {isa = PBXBuildFile; fileRef = D535EB0F21C5F4B3001F46BC /* CommentTableViewCell.swift */; };
		D535EB1821C630E6001F46BC /* URL+Cache.swift in Sources */ = {isa = PBXBuildFile; fileRef = D535EB1721C630E6001F46BC /* URL+Cache.swift */; };
		D535EB1A21C63132001F46BC /* ImageCache.swift in Sources */ = {isa = PBXBuildFile; fileRef = D535EB1921C63132001F46BC /* ImageCache.swift */; };
		D535EB1F21C65584001F46BC /* FullImageViewController.swift in Sources */ = {isa = PBXBuildFile; fileRef = D535EB1E21C65584001F46BC /* FullImageViewController.swift */; };
		D535EB2121C68485001F46BC /* MovieHeaderTableViewCell.swift in Sources */ = {isa = PBXBuildFile; fileRef = D535EB2021C68485001F46BC /* MovieHeaderTableViewCell.swift */; };
		D535EB2321C688D4001F46BC /* MovieInfoHolder.swift in Sources */ = {isa = PBXBuildFile; fileRef = D535EB2221C688D4001F46BC /* MovieInfoHolder.swift */; };
		D535EB2521C68A8B001F46BC /* NetworkProvider.swift in Sources */ = {isa = PBXBuildFile; fileRef = D535EB2421C68A8B001F46BC /* NetworkProvider.swift */; };
		D55FF3D821F94A030075FA96 /* MovieGrade.swift in Sources */ = {isa = PBXBuildFile; fileRef = D55FF3D721F94A030075FA96 /* MovieGrade.swift */; };
		D5BA355D21BEC3EA009E03B1 /* AppDelegate.swift in Sources */ = {isa = PBXBuildFile; fileRef = D5BA355C21BEC3EA009E03B1 /* AppDelegate.swift */; };
		D5BA356221BEC3EB009E03B1 /* Main.storyboard in Resources */ = {isa = PBXBuildFile; fileRef = D5BA356021BEC3EB009E03B1 /* Main.storyboard */; };
		D5BA356421BEC3ED009E03B1 /* Assets.xcassets in Resources */ = {isa = PBXBuildFile; fileRef = D5BA356321BEC3ED009E03B1 /* Assets.xcassets */; };
		D5BA356721BEC3ED009E03B1 /* LaunchScreen.storyboard in Resources */ = {isa = PBXBuildFile; fileRef = D5BA356521BEC3ED009E03B1 /* LaunchScreen.storyboard */; };
		D5BA357321BED89D009E03B1 /* MovieBoxDefaults.swift in Sources */ = {isa = PBXBuildFile; fileRef = D5BA357221BED89D009E03B1 /* MovieBoxDefaults.swift */; };
		D5E6867B21DB4D6900CDB65B /* UIViewController+NetworkingIndicate.swift in Sources */ = {isa = PBXBuildFile; fileRef = D5E6867A21DB4D6900CDB65B /* UIViewController+NetworkingIndicate.swift */; };
		D5E6867E21DB56B100CDB65B /* AlertManager.swift in Sources */ = {isa = PBXBuildFile; fileRef = D5E6867D21DB56B100CDB65B /* AlertManager.swift */; };
		D5E6868121DB59C100CDB65B /* NetworkingIndicate.swift in Sources */ = {isa = PBXBuildFile; fileRef = D5E6868021DB59C100CDB65B /* NetworkingIndicate.swift */; };
		D5E6868321DB5ACF00CDB65B /* SortChangable.swift in Sources */ = {isa = PBXBuildFile; fileRef = D5E6868221DB5ACF00CDB65B /* SortChangable.swift */; };
		D5E6868521DB693B00CDB65B /* UIVIewController+SortChange.swift in Sources */ = {isa = PBXBuildFile; fileRef = D5E6868421DB693B00CDB65B /* UIVIewController+SortChange.swift */; };
/* End PBXBuildFile section */

/* Begin PBXFileReference section */
		D5273CB121C294A80029C4E6 /* MovieTableViewController.swift */ = {isa = PBXFileReference; lastKnownFileType = sourcecode.swift; path = MovieTableViewController.swift; sourceTree = "<group>"; };
		D5273CB321C294B10029C4E6 /* MovieCollectionViewController.swift */ = {isa = PBXFileReference; lastKnownFileType = sourcecode.swift; path = MovieCollectionViewController.swift; sourceTree = "<group>"; };
		D5273CB721C294DC0029C4E6 /* Movie.swift */ = {isa = PBXFileReference; lastKnownFileType = sourcecode.swift; path = Movie.swift; sourceTree = "<group>"; };
		D5273CB921C297260029C4E6 /* MovieService.swift */ = {isa = PBXFileReference; lastKnownFileType = sourcecode.swift; path = MovieService.swift; sourceTree = "<group>"; };
		D5273CBB21C2973B0029C4E6 /* CommentService.swift */ = {isa = PBXFileReference; lastKnownFileType = sourcecode.swift; path = CommentService.swift; sourceTree = "<group>"; };
		D5273CBD21C2974B0029C4E6 /* Comment.swift */ = {isa = PBXFileReference; lastKnownFileType = sourcecode.swift; path = Comment.swift; sourceTree = "<group>"; };
		D5273CBF21C2978D0029C4E6 /* MovieDetail.swift */ = {isa = PBXFileReference; lastKnownFileType = sourcecode.swift; path = MovieDetail.swift; sourceTree = "<group>"; };
		D5273CC121C29FA80029C4E6 /* MovieDetailViewController.swift */ = {isa = PBXFileReference; lastKnownFileType = sourcecode.swift; path = MovieDetailViewController.swift; sourceTree = "<group>"; };
		D5273CC421C2A55B0029C4E6 /* MovieCollectionViewCell.swift */ = {isa = PBXFileReference; lastKnownFileType = sourcecode.swift; path = MovieCollectionViewCell.swift; sourceTree = "<group>"; };
		D5273CC621C2A5640029C4E6 /* MovieTableViewCell.swift */ = {isa = PBXFileReference; lastKnownFileType = sourcecode.swift; path = MovieTableViewCell.swift; sourceTree = "<group>"; };
		D5273CC821C2B77F0029C4E6 /* Response.swift */ = {isa = PBXFileReference; lastKnownFileType = sourcecode.swift; path = Response.swift; sourceTree = "<group>"; };
		D535EB0B21C54E71001F46BC /* StarRating.swift */ = {isa = PBXFileReference; lastKnownFileType = sourcecode.swift; path = StarRating.swift; sourceTree = "<group>"; };
		D535EB0D21C560D9001F46BC /* BinaryInteger+NumberFormatter.swift */ = {isa = PBXFileReference; lastKnownFileType = sourcecode.swift; path = "BinaryInteger+NumberFormatter.swift"; sourceTree = "<group>"; };
		D535EB0F21C5F4B3001F46BC /* CommentTableViewCell.swift */ = {isa = PBXFileReference; lastKnownFileType = sourcecode.swift; path = CommentTableViewCell.swift; sourceTree = "<group>"; };
		D535EB1721C630E6001F46BC /* URL+Cache.swift */ = {isa = PBXFileReference; fileEncoding = 4; lastKnownFileType = sourcecode.swift; path = "URL+Cache.swift"; sourceTree = "<group>"; };
		D535EB1921C63132001F46BC /* ImageCache.swift */ = {isa = PBXFileReference; fileEncoding = 4; lastKnownFileType = sourcecode.swift; path = ImageCache.swift; sourceTree = "<group>"; };
		D535EB1E21C65584001F46BC /* FullImageViewController.swift */ = {isa = PBXFileReference; lastKnownFileType = sourcecode.swift; path = FullImageViewController.swift; sourceTree = "<group>"; };
		D535EB2021C68485001F46BC /* MovieHeaderTableViewCell.swift */ = {isa = PBXFileReference; lastKnownFileType = sourcecode.swift; path = MovieHeaderTableViewCell.swift; sourceTree = "<group>"; };
		D535EB2221C688D4001F46BC /* MovieInfoHolder.swift */ = {isa = PBXFileReference; fileEncoding = 4; lastKnownFileType = sourcecode.swift; path = MovieInfoHolder.swift; sourceTree = "<group>"; };
		D535EB2421C68A8B001F46BC /* NetworkProvider.swift */ = {isa = PBXFileReference; lastKnownFileType = sourcecode.swift; path = NetworkProvider.swift; sourceTree = "<group>"; };
		D55FF3D721F94A030075FA96 /* MovieGrade.swift */ = {isa = PBXFileReference; fileEncoding = 4; lastKnownFileType = sourcecode.swift; path = MovieGrade.swift; sourceTree = "<group>"; };
		D5BA355921BEC3EA009E03B1 /* MovieBox.app */ = {isa = PBXFileReference; explicitFileType = wrapper.application; includeInIndex = 0; path = MovieBox.app; sourceTree = BUILT_PRODUCTS_DIR; };
		D5BA355C21BEC3EA009E03B1 /* AppDelegate.swift */ = {isa = PBXFileReference; lastKnownFileType = sourcecode.swift; path = AppDelegate.swift; sourceTree = "<group>"; };
		D5BA356121BEC3EB009E03B1 /* Base */ = {isa = PBXFileReference; lastKnownFileType = file.storyboard; name = Base; path = Base.lproj/Main.storyboard; sourceTree = "<group>"; };
		D5BA356321BEC3ED009E03B1 /* Assets.xcassets */ = {isa = PBXFileReference; lastKnownFileType = folder.assetcatalog; path = Assets.xcassets; sourceTree = "<group>"; };
		D5BA356621BEC3ED009E03B1 /* Base */ = {isa = PBXFileReference; lastKnownFileType = file.storyboard; name = Base; path = Base.lproj/LaunchScreen.storyboard; sourceTree = "<group>"; };
		D5BA356821BEC3ED009E03B1 /* Info.plist */ = {isa = PBXFileReference; lastKnownFileType = text.plist.xml; path = Info.plist; sourceTree = "<group>"; };
		D5BA357221BED89D009E03B1 /* MovieBoxDefaults.swift */ = {isa = PBXFileReference; lastKnownFileType = sourcecode.swift; path = MovieBoxDefaults.swift; sourceTree = "<group>"; };
		D5E6867A21DB4D6900CDB65B /* UIViewController+NetworkingIndicate.swift */ = {isa = PBXFileReference; lastKnownFileType = sourcecode.swift; path = "UIViewController+NetworkingIndicate.swift"; sourceTree = "<group>"; };
		D5E6867D21DB56B100CDB65B /* AlertManager.swift */ = {isa = PBXFileReference; lastKnownFileType = sourcecode.swift; path = AlertManager.swift; sourceTree = "<group>"; };
		D5E6868021DB59C100CDB65B /* NetworkingIndicate.swift */ = {isa = PBXFileReference; lastKnownFileType = sourcecode.swift; path = NetworkingIndicate.swift; sourceTree = "<group>"; };
		D5E6868221DB5ACF00CDB65B /* SortChangable.swift */ = {isa = PBXFileReference; lastKnownFileType = sourcecode.swift; path = SortChangable.swift; sourceTree = "<group>"; };
		D5E6868421DB693B00CDB65B /* UIVIewController+SortChange.swift */ = {isa = PBXFileReference; lastKnownFileType = sourcecode.swift; path = "UIVIewController+SortChange.swift"; sourceTree = "<group>"; };
/* End PBXFileReference section */

/* Begin PBXFrameworksBuildPhase section */
		D5BA355621BEC3EA009E03B1 /* Frameworks */ = {
			isa = PBXFrameworksBuildPhase;
			buildActionMask = 2147483647;
			files = (
			);
			runOnlyForDeploymentPostprocessing = 0;
		};
/* End PBXFrameworksBuildPhase section */

/* Begin PBXGroup section */
		D5273CAE21C2930C0029C4E6 /* controller */ = {
			isa = PBXGroup;
			children = (
				D5273CB121C294A80029C4E6 /* MovieTableViewController.swift */,
				D5273CB321C294B10029C4E6 /* MovieCollectionViewController.swift */,
				D5273CC121C29FA80029C4E6 /* MovieDetailViewController.swift */,
				D535EB1E21C65584001F46BC /* FullImageViewController.swift */,
			);
			path = controller;
			sourceTree = "<group>";
		};
		D5273CB521C294C50029C4E6 /* service */ = {
			isa = PBXGroup;
			children = (
				D5273CB921C297260029C4E6 /* MovieService.swift */,
				D5273CBB21C2973B0029C4E6 /* CommentService.swift */,
			);
			path = service;
			sourceTree = "<group>";
		};
		D5273CB621C294CF0029C4E6 /* model */ = {
			isa = PBXGroup;
			children = (
				D5273CB721C294DC0029C4E6 /* Movie.swift */,
				D5273CBF21C2978D0029C4E6 /* MovieDetail.swift */,
				D55FF3D721F94A030075FA96 /* MovieGrade.swift */,
				D5273CBD21C2974B0029C4E6 /* Comment.swift */,
				D5273CC821C2B77F0029C4E6 /* Response.swift */,
			);
			path = model;
			sourceTree = "<group>";
		};
		D5273CC321C2A5460029C4E6 /* view */ = {
			isa = PBXGroup;
			children = (
				D535EB0B21C54E71001F46BC /* StarRating.swift */,
				D5273CC421C2A55B0029C4E6 /* MovieCollectionViewCell.swift */,
				D5273CC621C2A5640029C4E6 /* MovieTableViewCell.swift */,
				D535EB2021C68485001F46BC /* MovieHeaderTableViewCell.swift */,
				D535EB0F21C5F4B3001F46BC /* CommentTableViewCell.swift */,
			);
			path = view;
			sourceTree = "<group>";
		};
		D535EB1B21C636F3001F46BC /* holder */ = {
			isa = PBXGroup;
			children = (
				D535EB2221C688D4001F46BC /* MovieInfoHolder.swift */,
			);
			path = holder;
			sourceTree = "<group>";
		};
		D5BA355021BEC3EA009E03B1 = {
			isa = PBXGroup;
			children = (
				D5BA355B21BEC3EA009E03B1 /* MovieBox */,
				D5BA355A21BEC3EA009E03B1 /* Products */,
			);
			sourceTree = "<group>";
		};
		D5BA355A21BEC3EA009E03B1 /* Products */ = {
			isa = PBXGroup;
			children = (
				D5BA355921BEC3EA009E03B1 /* MovieBox.app */,
			);
			name = Products;
			sourceTree = "<group>";
		};
		D5BA355B21BEC3EA009E03B1 /* MovieBox */ = {
			isa = PBXGroup;
			children = (
				D5E6867C21DB56A500CDB65B /* manager */,
				D535EB1B21C636F3001F46BC /* holder */,
				D5273CC321C2A5460029C4E6 /* view */,
				D5273CB621C294CF0029C4E6 /* model */,
				D5273CB521C294C50029C4E6 /* service */,
				D5273CAE21C2930C0029C4E6 /* controller */,
				D5BA357121BED88A009E03B1 /* utils */,
				D5E6867F21DB59A200CDB65B /* protocol */,
				D5BA357021BED871009E03B1 /* extensions */,
				D5BA355C21BEC3EA009E03B1 /* AppDelegate.swift */,
				D5BA356021BEC3EB009E03B1 /* Main.storyboard */,
				D5BA356321BEC3ED009E03B1 /* Assets.xcassets */,
				D5BA356521BEC3ED009E03B1 /* LaunchScreen.storyboard */,
				D5BA356821BEC3ED009E03B1 /* Info.plist */,
			);
			path = MovieBox;
			sourceTree = "<group>";
		};
		D5BA357021BED871009E03B1 /* extensions */ = {
			isa = PBXGroup;
			children = (
				D535EB1721C630E6001F46BC /* URL+Cache.swift */,
				D535EB0D21C560D9001F46BC /* BinaryInteger+NumberFormatter.swift */,
				D5E6867A21DB4D6900CDB65B /* UIViewController+NetworkingIndicate.swift */,
				D5E6868421DB693B00CDB65B /* UIVIewController+SortChange.swift */,
			);
			path = extensions;
			sourceTree = "<group>";
		};
		D5BA357121BED88A009E03B1 /* utils */ = {
			isa = PBXGroup;
			children = (
				D535EB1921C63132001F46BC /* ImageCache.swift */,
				D5BA357221BED89D009E03B1 /* MovieBoxDefaults.swift */,
				D535EB2421C68A8B001F46BC /* NetworkProvider.swift */,
			);
			path = utils;
			sourceTree = "<group>";
		};
		D5E6867C21DB56A500CDB65B /* manager */ = {
			isa = PBXGroup;
			children = (
				D5E6867D21DB56B100CDB65B /* AlertManager.swift */,
			);
			path = manager;
			sourceTree = "<group>";
		};
		D5E6867F21DB59A200CDB65B /* protocol */ = {
			isa = PBXGroup;
			children = (
				D5E6868021DB59C100CDB65B /* NetworkingIndicate.swift */,
				D5E6868221DB5ACF00CDB65B /* SortChangable.swift */,
			);
			path = protocol;
			sourceTree = "<group>";
		};
/* End PBXGroup section */

/* Begin PBXNativeTarget section */
		D5BA355821BEC3EA009E03B1 /* MovieBox */ = {
			isa = PBXNativeTarget;
			buildConfigurationList = D5BA356B21BEC3ED009E03B1 /* Build configuration list for PBXNativeTarget "MovieBox" */;
			buildPhases = (
				D5BA355521BEC3EA009E03B1 /* Sources */,
				D5BA355621BEC3EA009E03B1 /* Frameworks */,
				D5BA355721BEC3EA009E03B1 /* Resources */,
			);
			buildRules = (
			);
			dependencies = (
			);
			name = MovieBox;
			productName = MovieBox;
			productReference = D5BA355921BEC3EA009E03B1 /* MovieBox.app */;
			productType = "com.apple.product-type.application";
		};
/* End PBXNativeTarget section */

/* Begin PBXProject section */
		D5BA355121BEC3EA009E03B1 /* Project object */ = {
			isa = PBXProject;
			attributes = {
				LastSwiftUpdateCheck = 1010;
				LastUpgradeCheck = 1010;
				ORGANIZATIONNAME = juhee;
				TargetAttributes = {
					D5BA355821BEC3EA009E03B1 = {
						CreatedOnToolsVersion = 10.1;
					};
				};
			};
			buildConfigurationList = D5BA355421BEC3EA009E03B1 /* Build configuration list for PBXProject "MovieBox" */;
			compatibilityVersion = "Xcode 9.3";
			developmentRegion = en;
			hasScannedForEncodings = 0;
			knownRegions = (
				en,
				Base,
			);
			mainGroup = D5BA355021BEC3EA009E03B1;
			productRefGroup = D5BA355A21BEC3EA009E03B1 /* Products */;
			projectDirPath = "";
			projectRoot = "";
			targets = (
				D5BA355821BEC3EA009E03B1 /* MovieBox */,
			);
		};
/* End PBXProject section */

/* Begin PBXResourcesBuildPhase section */
		D5BA355721BEC3EA009E03B1 /* Resources */ = {
			isa = PBXResourcesBuildPhase;
			buildActionMask = 2147483647;
			files = (
				D5BA356721BEC3ED009E03B1 /* LaunchScreen.storyboard in Resources */,
				D5BA356421BEC3ED009E03B1 /* Assets.xcassets in Resources */,
				D5BA356221BEC3EB009E03B1 /* Main.storyboard in Resources */,
			);
			runOnlyForDeploymentPostprocessing = 0;
		};
/* End PBXResourcesBuildPhase section */

/* Begin PBXSourcesBuildPhase section */
		D5BA355521BEC3EA009E03B1 /* Sources */ = {
			isa = PBXSourcesBuildPhase;
			buildActionMask = 2147483647;
			files = (
				D5273CB221C294A80029C4E6 /* MovieTableViewController.swift in Sources */,
				D5273CC021C2978D0029C4E6 /* MovieDetail.swift in Sources */,
				D5E6867B21DB4D6900CDB65B /* UIViewController+NetworkingIndicate.swift in Sources */,
				D535EB0E21C560D9001F46BC /* BinaryInteger+NumberFormatter.swift in Sources */,
				D535EB1F21C65584001F46BC /* FullImageViewController.swift in Sources */,
				D5273CC221C29FA80029C4E6 /* MovieDetailViewController.swift in Sources */,
				D5273CC721C2A5640029C4E6 /* MovieTableViewCell.swift in Sources */,
				D535EB1821C630E6001F46BC /* URL+Cache.swift in Sources */,
				D5E6867E21DB56B100CDB65B /* AlertManager.swift in Sources */,
				D5273CBC21C2973B0029C4E6 /* CommentService.swift in Sources */,
				D5273CB421C294B10029C4E6 /* MovieCollectionViewController.swift in Sources */,
				D535EB1021C5F4B3001F46BC /* CommentTableViewCell.swift in Sources */,
				D535EB2121C68485001F46BC /* MovieHeaderTableViewCell.swift in Sources */,
				D535EB2521C68A8B001F46BC /* NetworkProvider.swift in Sources */,
				D5273CC921C2B77F0029C4E6 /* Response.swift in Sources */,
				D5BA355D21BEC3EA009E03B1 /* AppDelegate.swift in Sources */,
				D5E6868521DB693B00CDB65B /* UIVIewController+SortChange.swift in Sources */,
				D5BA357321BED89D009E03B1 /* MovieBoxDefaults.swift in Sources */,
				D535EB0C21C54E71001F46BC /* StarRating.swift in Sources */,
				D535EB1A21C63132001F46BC /* ImageCache.swift in Sources */,
				D5273CBA21C297260029C4E6 /* MovieService.swift in Sources */,
				D5273CB821C294DC0029C4E6 /* Movie.swift in Sources */,
				D55FF3D821F94A030075FA96 /* MovieGrade.swift in Sources */,
				D5273CC521C2A55B0029C4E6 /* MovieCollectionViewCell.swift in Sources */,
				D5E6868121DB59C100CDB65B /* NetworkingIndicate.swift in Sources */,
				D5E6868321DB5ACF00CDB65B /* SortChangable.swift in Sources */,
				D535EB2321C688D4001F46BC /* MovieInfoHolder.swift in Sources */,
				D5273CBE21C2974B0029C4E6 /* Comment.swift in Sources */,
			);
			runOnlyForDeploymentPostprocessing = 0;
		};
/* End PBXSourcesBuildPhase section */

/* Begin PBXVariantGroup section */
		D5BA356021BEC3EB009E03B1 /* Main.storyboard */ = {
			isa = PBXVariantGroup;
			children = (
				D5BA356121BEC3EB009E03B1 /* Base */,
			);
			name = Main.storyboard;
			sourceTree = "<group>";
		};
		D5BA356521BEC3ED009E03B1 /* LaunchScreen.storyboard */ = {
			isa = PBXVariantGroup;
			children = (
				D5BA356621BEC3ED009E03B1 /* Base */,
			);
			name = LaunchScreen.storyboard;
			sourceTree = "<group>";
		};
/* End PBXVariantGroup section */

/* Begin XCBuildConfiguration section */
		D5BA356921BEC3ED009E03B1 /* Debug */ = {
			isa = XCBuildConfiguration;
			buildSettings = {
				ALWAYS_SEARCH_USER_PATHS = NO;
				CLANG_ANALYZER_NONNULL = YES;
				CLANG_ANALYZER_NUMBER_OBJECT_CONVERSION = YES_AGGRESSIVE;
				CLANG_CXX_LANGUAGE_STANDARD = "gnu++14";
				CLANG_CXX_LIBRARY = "libc++";
				CLANG_ENABLE_MODULES = YES;
				CLANG_ENABLE_OBJC_ARC = YES;
				CLANG_ENABLE_OBJC_WEAK = YES;
				CLANG_WARN_BLOCK_CAPTURE_AUTORELEASING = YES;
				CLANG_WARN_BOOL_CONVERSION = YES;
				CLANG_WARN_COMMA = YES;
				CLANG_WARN_CONSTANT_CONVERSION = YES;
				CLANG_WARN_DEPRECATED_OBJC_IMPLEMENTATIONS = YES;
				CLANG_WARN_DIRECT_OBJC_ISA_USAGE = YES_ERROR;
				CLANG_WARN_DOCUMENTATION_COMMENTS = YES;
				CLANG_WARN_EMPTY_BODY = YES;
				CLANG_WARN_ENUM_CONVERSION = YES;
				CLANG_WARN_INFINITE_RECURSION = YES;
				CLANG_WARN_INT_CONVERSION = YES;
				CLANG_WARN_NON_LITERAL_NULL_CONVERSION = YES;
				CLANG_WARN_OBJC_IMPLICIT_RETAIN_SELF = YES;
				CLANG_WARN_OBJC_LITERAL_CONVERSION = YES;
				CLANG_WARN_OBJC_ROOT_CLASS = YES_ERROR;
				CLANG_WARN_RANGE_LOOP_ANALYSIS = YES;
				CLANG_WARN_STRICT_PROTOTYPES = YES;
				CLANG_WARN_SUSPICIOUS_MOVE = YES;
				CLANG_WARN_UNGUARDED_AVAILABILITY = YES_AGGRESSIVE;
				CLANG_WARN_UNREACHABLE_CODE = YES;
				CLANG_WARN__DUPLICATE_METHOD_MATCH = YES;
				CODE_SIGN_IDENTITY = "iPhone Developer";
				COPY_PHASE_STRIP = NO;
				DEBUG_INFORMATION_FORMAT = dwarf;
				ENABLE_STRICT_OBJC_MSGSEND = YES;
				ENABLE_TESTABILITY = YES;
				GCC_C_LANGUAGE_STANDARD = gnu11;
				GCC_DYNAMIC_NO_PIC = NO;
				GCC_NO_COMMON_BLOCKS = YES;
				GCC_OPTIMIZATION_LEVEL = 0;
				GCC_PREPROCESSOR_DEFINITIONS = (
					"DEBUG=1",
					"$(inherited)",
				);
				GCC_WARN_64_TO_32_BIT_CONVERSION = YES;
				GCC_WARN_ABOUT_RETURN_TYPE = YES_ERROR;
				GCC_WARN_UNDECLARED_SELECTOR = YES;
				GCC_WARN_UNINITIALIZED_AUTOS = YES_AGGRESSIVE;
				GCC_WARN_UNUSED_FUNCTION = YES;
				GCC_WARN_UNUSED_VARIABLE = YES;
				IPHONEOS_DEPLOYMENT_TARGET = 12.1;
				MTL_ENABLE_DEBUG_INFO = INCLUDE_SOURCE;
				MTL_FAST_MATH = YES;
				ONLY_ACTIVE_ARCH = YES;
				SDKROOT = iphoneos;
				SWIFT_ACTIVE_COMPILATION_CONDITIONS = DEBUG;
				SWIFT_OPTIMIZATION_LEVEL = "-Onone";
			};
			name = Debug;
		};
		D5BA356A21BEC3ED009E03B1 /* Release */ = {
			isa = XCBuildConfiguration;
			buildSettings = {
				ALWAYS_SEARCH_USER_PATHS = NO;
				CLANG_ANALYZER_NONNULL = YES;
				CLANG_ANALYZER_NUMBER_OBJECT_CONVERSION = YES_AGGRESSIVE;
				CLANG_CXX_LANGUAGE_STANDARD = "gnu++14";
				CLANG_CXX_LIBRARY = "libc++";
				CLANG_ENABLE_MODULES = YES;
				CLANG_ENABLE_OBJC_ARC = YES;
				CLANG_ENABLE_OBJC_WEAK = YES;
				CLANG_WARN_BLOCK_CAPTURE_AUTORELEASING = YES;
				CLANG_WARN_BOOL_CONVERSION = YES;
				CLANG_WARN_COMMA = YES;
				CLANG_WARN_CONSTANT_CONVERSION = YES;
				CLANG_WARN_DEPRECATED_OBJC_IMPLEMENTATIONS = YES;
				CLANG_WARN_DIRECT_OBJC_ISA_USAGE = YES_ERROR;
				CLANG_WARN_DOCUMENTATION_COMMENTS = YES;
				CLANG_WARN_EMPTY_BODY = YES;
				CLANG_WARN_ENUM_CONVERSION = YES;
				CLANG_WARN_INFINITE_RECURSION = YES;
				CLANG_WARN_INT_CONVERSION = YES;
				CLANG_WARN_NON_LITERAL_NULL_CONVERSION = YES;
				CLANG_WARN_OBJC_IMPLICIT_RETAIN_SELF = YES;
				CLANG_WARN_OBJC_LITERAL_CONVERSION = YES;
				CLANG_WARN_OBJC_ROOT_CLASS = YES_ERROR;
				CLANG_WARN_RANGE_LOOP_ANALYSIS = YES;
				CLANG_WARN_STRICT_PROTOTYPES = YES;
				CLANG_WARN_SUSPICIOUS_MOVE = YES;
				CLANG_WARN_UNGUARDED_AVAILABILITY = YES_AGGRESSIVE;
				CLANG_WARN_UNREACHABLE_CODE = YES;
				CLANG_WARN__DUPLICATE_METHOD_MATCH = YES;
				CODE_SIGN_IDENTITY = "iPhone Developer";
				COPY_PHASE_STRIP = NO;
				DEBUG_INFORMATION_FORMAT = "dwarf-with-dsym";
				ENABLE_NS_ASSERTIONS = NO;
				ENABLE_STRICT_OBJC_MSGSEND = YES;
				GCC_C_LANGUAGE_STANDARD = gnu11;
				GCC_NO_COMMON_BLOCKS = YES;
				GCC_WARN_64_TO_32_BIT_CONVERSION = YES;
				GCC_WARN_ABOUT_RETURN_TYPE = YES_ERROR;
				GCC_WARN_UNDECLARED_SELECTOR = YES;
				GCC_WARN_UNINITIALIZED_AUTOS = YES_AGGRESSIVE;
				GCC_WARN_UNUSED_FUNCTION = YES;
				GCC_WARN_UNUSED_VARIABLE = YES;
				IPHONEOS_DEPLOYMENT_TARGET = 12.1;
				MTL_ENABLE_DEBUG_INFO = NO;
				MTL_FAST_MATH = YES;
				SDKROOT = iphoneos;
				SWIFT_COMPILATION_MODE = wholemodule;
				SWIFT_OPTIMIZATION_LEVEL = "-O";
				VALIDATE_PRODUCT = YES;
			};
			name = Release;
		};
		D5BA356C21BEC3ED009E03B1 /* Debug */ = {
			isa = XCBuildConfiguration;
			buildSettings = {
				ASSETCATALOG_COMPILER_APPICON_NAME = AppIcon;
				CODE_SIGN_IDENTITY = "iPhone Developer";
				CODE_SIGN_STYLE = Automatic;
				DEVELOPMENT_TEAM = "";
				INFOPLIST_FILE = MovieBox/Info.plist;
				LD_RUNPATH_SEARCH_PATHS = (
					"$(inherited)",
					"@executable_path/Frameworks",
				);
				PRODUCT_BUNDLE_IDENTIFIER = com.sample.MovieBox;
				PRODUCT_NAME = "$(TARGET_NAME)";
				PROVISIONING_PROFILE_SPECIFIER = "";
				SWIFT_VERSION = 4.2;
				TARGETED_DEVICE_FAMILY = "1,2";
			};
			name = Debug;
		};
		D5BA356D21BEC3ED009E03B1 /* Release */ = {
			isa = XCBuildConfiguration;
			buildSettings = {
				ASSETCATALOG_COMPILER_APPICON_NAME = AppIcon;
				CODE_SIGN_IDENTITY = "iPhone Developer";
				CODE_SIGN_STYLE = Automatic;
				DEVELOPMENT_TEAM = "";
				INFOPLIST_FILE = MovieBox/Info.plist;
				LD_RUNPATH_SEARCH_PATHS = (
					"$(inherited)",
					"@executable_path/Frameworks",
				);
				PRODUCT_BUNDLE_IDENTIFIER = com.sample.MovieBox;
				PRODUCT_NAME = "$(TARGET_NAME)";
				PROVISIONING_PROFILE_SPECIFIER = "";
				SWIFT_VERSION = 4.2;
				TARGETED_DEVICE_FAMILY = "1,2";
			};
			name = Release;
		};
/* End XCBuildConfiguration section */

/* Begin XCConfigurationList section */
		D5BA355421BEC3EA009E03B1 /* Build configuration list for PBXProject "MovieBox" */ = {
			isa = XCConfigurationList;
			buildConfigurations = (
				D5BA356921BEC3ED009E03B1 /* Debug */,
				D5BA356A21BEC3ED009E03B1 /* Release */,
			);
			defaultConfigurationIsVisible = 0;
			defaultConfigurationName = Release;
		};
		D5BA356B21BEC3ED009E03B1 /* Build configuration list for PBXNativeTarget "MovieBox" */ = {
			isa = XCConfigurationList;
			buildConfigurations = (
				D5BA356C21BEC3ED009E03B1 /* Debug */,
				D5BA356D21BEC3ED009E03B1 /* Release */,
			);
			defaultConfigurationIsVisible = 0;
			defaultConfigurationName = Release;
		};
/* End XCConfigurationList section */
	};
	rootObject = D5BA355121BEC3EA009E03B1 /* Project object */;
}
